
Microsoft Visual Studio Solution File, Format Version 12.00
# Visual Studio Version 16
VisualStudioVersion = 16.0.30011.22
MinimumVisualStudioVersion = 15.0.26124.0
Project("{9A19103F-16F7-4668-BE54-9A1E7A4F7556}") = "ImportCsv.Api", "ImportCsv.Api\ImportCsv.Api.csproj", "{28AFCA64-A35D-4A15-80FA-C486C248F2E4}"
EndProject
Project("{9A19103F-16F7-4668-BE54-9A1E7A4F7556}") = "ImportCsv.Tests", "ImportCsv.Tests\ImportCsv.Tests.csproj", "{C0AFC555-6A94-4A61-86F0-170CC71A160A}"
EndProject
Project("{2150E333-8FDC-42A3-9474-1A3956D46DE8}") = "Readme", "Readme", "{7DEDD498-3016-4F98-8E20-864A7616CF11}"
	ProjectSection(SolutionItems) = preProject
		README.md = README.md
	EndProjectSection
EndProject
Global
	GlobalSection(SolutionConfigurationPlatforms) = preSolution
		Debug|Any CPU = Debug|Any CPU
		Debug|x64 = Debug|x64
		Debug|x86 = Debug|x86
		Release|Any CPU = Release|Any CPU
		Release|x64 = Release|x64
		Release|x86 = Release|x86
	EndGlobalSection
	GlobalSection(ProjectConfigurationPlatforms) = postSolution
		{28AFCA64-A35D-4A15-80FA-C486C248F2E4}.Debug|Any CPU.ActiveCfg = Debug|Any CPU
		{28AFCA64-A35D-4A15-80FA-C486C248F2E4}.Debug|Any CPU.Build.0 = Debug|Any CPU
		{28AFCA64-A35D-4A15-80FA-C486C248F2E4}.Debug|x64.ActiveCfg = Debug|Any CPU
		{28AFCA64-A35D-4A15-80FA-C486C248F2E4}.Debug|x64.Build.0 = Debug|Any CPU
		{28AFCA64-A35D-4A15-80FA-C486C248F2E4}.Debug|x86.ActiveCfg = Debug|Any CPU
		{28AFCA64-A35D-4A15-80FA-C486C248F2E4}.Debug|x86.Build.0 = Debug|Any CPU
		{28AFCA64-A35D-4A15-80FA-C486C248F2E4}.Release|Any CPU.ActiveCfg = Release|Any CPU
		{28AFCA64-A35D-4A15-80FA-C486C248F2E4}.Release|Any CPU.Build.0 = Release|Any CPU
		{28AFCA64-A35D-4A15-80FA-C486C248F2E4}.Release|x64.ActiveCfg = Release|Any CPU
		{28AFCA64-A35D-4A15-80FA-C486C248F2E4}.Release|x64.Build.0 = Release|Any CPU
		{28AFCA64-A35D-4A15-80FA-C486C248F2E4}.Release|x86.ActiveCfg = Release|Any CPU
		{28AFCA64-A35D-4A15-80FA-C486C248F2E4}.Release|x86.Build.0 = Release|Any CPU
		{C0AFC555-6A94-4A61-86F0-170CC71A160A}.Debug|Any CPU.ActiveCfg = Debug|Any CPU
		{C0AFC555-6A94-4A61-86F0-170CC71A160A}.Debug|Any CPU.Build.0 = Debug|Any CPU
		{C0AFC555-6A94-4A61-86F0-170CC71A160A}.Debug|x64.ActiveCfg = Debug|Any CPU
		{C0AFC555-6A94-4A61-86F0-170CC71A160A}.Debug|x64.Build.0 = Debug|Any CPU
		{C0AFC555-6A94-4A61-86F0-170CC71A160A}.Debug|x86.ActiveCfg = Debug|Any CPU
		{C0AFC555-6A94-4A61-86F0-170CC71A160A}.Debug|x86.Build.0 = Debug|Any CPU
		{C0AFC555-6A94-4A61-86F0-170CC71A160A}.Release|Any CPU.ActiveCfg = Release|Any CPU
		{C0AFC555-6A94-4A61-86F0-170CC71A160A}.Release|Any CPU.Build.0 = Release|Any CPU
		{C0AFC555-6A94-4A61-86F0-170CC71A160A}.Release|x64.ActiveCfg = Release|Any CPU
		{C0AFC555-6A94-4A61-86F0-170CC71A160A}.Release|x64.Build.0 = Release|Any CPU
		{C0AFC555-6A94-4A61-86F0-170CC71A160A}.Release|x86.ActiveCfg = Release|Any CPU
		{C0AFC555-6A94-4A61-86F0-170CC71A160A}.Release|x86.Build.0 = Release|Any CPU
	EndGlobalSection
	GlobalSection(SolutionProperties) = preSolution
		HideSolutionNode = FALSE
	EndGlobalSection
	GlobalSection(ExtensibilityGlobals) = postSolution
		SolutionGuid = {E86EA132-AFCD-428C-A9A5-547A5D30D0BE}
	EndGlobalSection
EndGlobal
